
Microsoft Visual Studio Solution File, Format Version 12.00
# Visual Studio Version 17
VisualStudioVersion = 17.5.002.0
MinimumVisualStudioVersion = 10.0.40219.1
Project("{9A19103F-16F7-4668-BE54-9A1E7A4F7556}") = "WebScraping", "WebScraping.csproj", "{BE416FF5-8F81-44A4-9A49-B7C77BFE7B64}"
EndProject
Global
	GlobalSection(SolutionConfigurationPlatforms) = preSolution
		Debug|Any CPU = Debug|Any CPU
		Release|Any CPU = Release|Any CPU
	EndGlobalSection
	GlobalSection(ProjectConfigurationPlatforms) = postSolution
		{BE416FF5-8F81-44A4-9A49-B7C77BFE7B64}.Debug|Any CPU.ActiveCfg = Debug|Any CPU
		{BE416FF5-8F81-44A4-9A49-B7C77BFE7B64}.Debug|Any CPU.Build.0 = Debug|Any CPU
		{BE416FF5-8F81-44A4-9A49-B7C77BFE7B64}.Release|Any CPU.ActiveCfg = Release|Any CPU
		{BE416FF5-8F81-44A4-9A49-B7C77BFE7B64}.Release|Any CPU.Build.0 = Release|Any CPU
	EndGlobalSection
	GlobalSection(SolutionProperties) = preSolution
		HideSolutionNode = FALSE
	EndGlobalSection
	GlobalSection(ExtensibilityGlobals) = postSolution
		SolutionGuid = {781C4291-D42F-496D-B744-BF009C49BFF5}
	EndGlobalSection
EndGlobal
